
Microsoft Visual Studio Solution File, Format Version 12.00
# Visual Studio Version 16
VisualStudioVersion = 16.0.31729.503
MinimumVisualStudioVersion = 10.0.40219.1
Project("{FAE04EC0-301F-11D3-BF4B-00C04F79EFBC}") = "IlveIlceJSONOrnek", "IlveIlceJSONOrnek\IlveIlceJSONOrnek.csproj", "{946BAE69-5EC9-4C0D-8CCA-8A0CFAF6204B}"
EndProject
Project("{FAE04EC0-301F-11D3-BF4B-00C04F79EFBC}") = "ILveILCEJSONBLL", "ILveILCEJSONBLL\ILveILCEJSONBLL.csproj", "{A1110012-B474-413A-8C47-825045CF19A6}"
EndProject
Project("{FAE04EC0-301F-11D3-BF4B-00C04F79EFBC}") = "ILveILCEJSON_ENTITYMODELS", "ILveILCEJSON_ENTITYMODELS\ILveILCEJSON_ENTITYMODELS.csproj", "{0FD93B3E-2A19-4305-938B-328D559A7A56}"
EndProject
Global
	GlobalSection(SolutionConfigurationPlatforms) = preSolution
		Debug|Any CPU = Debug|Any CPU
		Release|Any CPU = Release|Any CPU
	EndGlobalSection
	GlobalSection(ProjectConfigurationPlatforms) = postSolution
		{946BAE69-5EC9-4C0D-8CCA-8A0CFAF6204B}.Debug|Any CPU.ActiveCfg = Debug|Any CPU
		{946BAE69-5EC9-4C0D-8CCA-8A0CFAF6204B}.Debug|Any CPU.Build.0 = Debug|Any CPU
		{946BAE69-5EC9-4C0D-8CCA-8A0CFAF6204B}.Release|Any CPU.ActiveCfg = Release|Any CPU
		{946BAE69-5EC9-4C0D-8CCA-8A0CFAF6204B}.Release|Any CPU.Build.0 = Release|Any CPU
		{A1110012-B474-413A-8C47-825045CF19A6}.Debug|Any CPU.ActiveCfg = Debug|Any CPU
		{A1110012-B474-413A-8C47-825045CF19A6}.Debug|Any CPU.Build.0 = Debug|Any CPU
		{A1110012-B474-413A-8C47-825045CF19A6}.Release|Any CPU.ActiveCfg = Release|Any CPU
		{A1110012-B474-413A-8C47-825045CF19A6}.Release|Any CPU.Build.0 = Release|Any CPU
		{0FD93B3E-2A19-4305-938B-328D559A7A56}.Debug|Any CPU.ActiveCfg = Debug|Any CPU
		{0FD93B3E-2A19-4305-938B-328D559A7A56}.Debug|Any CPU.Build.0 = Debug|Any CPU
		{0FD93B3E-2A19-4305-938B-328D559A7A56}.Release|Any CPU.ActiveCfg = Release|Any CPU
		{0FD93B3E-2A19-4305-938B-328D559A7A56}.Release|Any CPU.Build.0 = Release|Any CPU
	EndGlobalSection
	GlobalSection(SolutionProperties) = preSolution
		HideSolutionNode = FALSE
	EndGlobalSection
	GlobalSection(ExtensibilityGlobals) = postSolution
		SolutionGuid = {A1C4A199-4028-4012-A24F-4061B0BA9B0B}
	EndGlobalSection
EndGlobal
